// !$*UTF8*$!
{
	archiveVersion = 1;
	classes = {
	};
	objectVersion = 50;
	objects = {

/* Begin PBXBuildFile section */
		2A9C0FDBFDBFA06C25EF6B22 /* libPods-DDChat.a in Frameworks */ = {isa = PBXBuildFile; fileRef = E9EFBA9C88A66DDEC2FE4207 /* libPods-DDChat.a */; };
		E34ACB5F20AE6E7C00ED693A /* AppDelegate.m in Sources */ = {isa = PBXBuildFile; fileRef = E34ACB5E20AE6E7C00ED693A /* AppDelegate.m */; };
		E34ACB6D20AE6E7D00ED693A /* main.m in Sources */ = {isa = PBXBuildFile; fileRef = E34ACB6C20AE6E7D00ED693A /* main.m */; };
		E34ACB7720AE6E7D00ED693A /* DDChatTests.m in Sources */ = {isa = PBXBuildFile; fileRef = E34ACB7620AE6E7D00ED693A /* DDChatTests.m */; };
		E34ACB8220AE6E7D00ED693A /* DDChatUITests.m in Sources */ = {isa = PBXBuildFile; fileRef = E34ACB8120AE6E7D00ED693A /* DDChatUITests.m */; };
		E34ACB9320AE6F7B00ED693A /* Assets.xcassets in Resources */ = {isa = PBXBuildFile; fileRef = E34ACB9120AE6F7B00ED693A /* Assets.xcassets */; };
		E34ACB9420AE6F7B00ED693A /* Info.plist in Resources */ = {isa = PBXBuildFile; fileRef = E34ACB9220AE6F7B00ED693A /* Info.plist */; };
		E34ACB9A20AE6FCB00ED693A /* LaunchScreen.storyboard in Resources */ = {isa = PBXBuildFile; fileRef = E34ACB9620AE6FCB00ED693A /* LaunchScreen.storyboard */; };
		E34ACB9B20AE6FCB00ED693A /* Main.storyboard in Resources */ = {isa = PBXBuildFile; fileRef = E34ACB9820AE6FCB00ED693A /* Main.storyboard */; };
		E34ACBBD20AE701600ED693A /* DDTabBarController.m in Sources */ = {isa = PBXBuildFile; fileRef = E34ACB9F20AE701600ED693A /* DDTabBarController.m */; };
		E34ACBBE20AE701600ED693A /* DDNavigationController.m in Sources */ = {isa = PBXBuildFile; fileRef = E34ACBA120AE701600ED693A /* DDNavigationController.m */; };
		E34ACBBF20AE701600ED693A /* DDBaseModel.m in Sources */ = {isa = PBXBuildFile; fileRef = E34ACBA520AE701600ED693A /* DDBaseModel.m */; };
		E34ACBC020AE701600ED693A /* DDBaseViewController.m in Sources */ = {isa = PBXBuildFile; fileRef = E34ACBA620AE701600ED693A /* DDBaseViewController.m */; };
		E34ACBC120AE701600ED693A /* DDAddressBookModel.m in Sources */ = {isa = PBXBuildFile; fileRef = E34ACBAB20AE701600ED693A /* DDAddressBookModel.m */; };
		E34ACBC220AE701600ED693A /* DDAddressBookCell.m in Sources */ = {isa = PBXBuildFile; fileRef = E34ACBAE20AE701600ED693A /* DDAddressBookCell.m */; };
		E34ACBC320AE701600ED693A /* DDAddressBookViewController.m in Sources */ = {isa = PBXBuildFile; fileRef = E34ACBB020AE701600ED693A /* DDAddressBookViewController.m */; };
		E34ACBC420AE701600ED693A /* DDAddressBookSearchController.m in Sources */ = {isa = PBXBuildFile; fileRef = E34ACBB120AE701600ED693A /* DDAddressBookSearchController.m */; };
		E34ACBC520AE701600ED693A /* DDDiscoveryViewController.m in Sources */ = {isa = PBXBuildFile; fileRef = E34ACBB620AE701600ED693A /* DDDiscoveryViewController.m */; };
		E34ACBC620AE701600ED693A /* DDHomeViewController.m in Sources */ = {isa = PBXBuildFile; fileRef = E34ACBB920AE701600ED693A /* DDHomeViewController.m */; };
		E34ACBC720AE701600ED693A /* DDMineViewController.m in Sources */ = {isa = PBXBuildFile; fileRef = E34ACBBB20AE701600ED693A /* DDMineViewController.m */; };
		E34ACBCF20AE775800ED693A /* DDChatCell.m in Sources */ = {isa = PBXBuildFile; fileRef = E34ACBCE20AE775800ED693A /* DDChatCell.m */; };
		E34ACBD220AE776700ED693A /* DDChatModel.m in Sources */ = {isa = PBXBuildFile; fileRef = E34ACBD120AE776700ED693A /* DDChatModel.m */; };
		E34ACBE020AEC3B900ED693A /* DDAudioRecorder.m in Sources */ = {isa = PBXBuildFile; fileRef = E34ACBDF20AEC3B900ED693A /* DDAudioRecorder.m */; };
		E34ACBE320AEC3C300ED693A /* DDAudioPlayer.m in Sources */ = {isa = PBXBuildFile; fileRef = E34ACBE220AEC3C300ED693A /* DDAudioPlayer.m */; };
		E367947B20B5199800B4093F /* DDChatBaseViewController.m in Sources */ = {isa = PBXBuildFile; fileRef = E367945A20B5199800B4093F /* DDChatBaseViewController.m */; };
		E367947C20B5199800B4093F /* chatToolBar.xcassets in Resources */ = {isa = PBXBuildFile; fileRef = E367945C20B5199800B4093F /* chatToolBar.xcassets */; };
		E367947D20B5199800B4093F /* DDChatViewController+keyboardNotification.m in Sources */ = {isa = PBXBuildFile; fileRef = E367945E20B5199800B4093F /* DDChatViewController+keyboardNotification.m */; };
		E367947E20B5199800B4093F /* DDChatBaseViewController+ChatKeyboard.m in Sources */ = {isa = PBXBuildFile; fileRef = E367946320B5199800B4093F /* DDChatBaseViewController+ChatKeyboard.m */; };
		E367947F20B5199800B4093F /* DDChatBaseKeyboard.m in Sources */ = {isa = PBXBuildFile; fileRef = E367946420B5199800B4093F /* DDChatBaseKeyboard.m */; };
		E367948020B5199800B4093F /* DDChatMoreKeyboard.m in Sources */ = {isa = PBXBuildFile; fileRef = E367946520B5199800B4093F /* DDChatMoreKeyboard.m */; };
		E367948120B5199800B4093F /* DDChatEmojiKeyboard.m in Sources */ = {isa = PBXBuildFile; fileRef = E367946820B5199800B4093F /* DDChatEmojiKeyboard.m */; };
		E367948220B5199800B4093F /* DDEmojiCell.m in Sources */ = {isa = PBXBuildFile; fileRef = E367946920B5199800B4093F /* DDEmojiCell.m */; };
		E367948320B5199800B4093F /* DDChatEmojiGroupView.m in Sources */ = {isa = PBXBuildFile; fileRef = E367946C20B5199800B4093F /* DDChatEmojiGroupView.m */; };
		E367948420B5199800B4093F /* DDChatBaseViewController+chatToolBarTranslate.m in Sources */ = {isa = PBXBuildFile; fileRef = E367947220B5199800B4093F /* DDChatBaseViewController+chatToolBarTranslate.m */; };
		E367948520B5199800B4093F /* DDPressToTalkButton.m in Sources */ = {isa = PBXBuildFile; fileRef = E367947420B5199800B4093F /* DDPressToTalkButton.m */; };
		E367948620B5199800B4093F /* UIButton+Extensions.m in Sources */ = {isa = PBXBuildFile; fileRef = E367947920B5199800B4093F /* UIButton+Extensions.m */; };
		E367948720B5199800B4093F /* DDChatToolBar.m in Sources */ = {isa = PBXBuildFile; fileRef = E367947A20B5199800B4093F /* DDChatToolBar.m */; };
		E367948A20B51A3200B4093F /* DDChatViewController.m in Sources */ = {isa = PBXBuildFile; fileRef = E367948920B51A3200B4093F /* DDChatViewController.m */; };
/* End PBXBuildFile section */

/* Begin PBXContainerItemProxy section */
		E34ACB7320AE6E7D00ED693A /* PBXContainerItemProxy */ = {
			isa = PBXContainerItemProxy;
			containerPortal = E34ACB5220AE6E7C00ED693A /* Project object */;
			proxyType = 1;
			remoteGlobalIDString = E34ACB5920AE6E7C00ED693A;
			remoteInfo = DDChat;
		};
		E34ACB7E20AE6E7D00ED693A /* PBXContainerItemProxy */ = {
			isa = PBXContainerItemProxy;
			containerPortal = E34ACB5220AE6E7C00ED693A /* Project object */;
			proxyType = 1;
			remoteGlobalIDString = E34ACB5920AE6E7C00ED693A;
			remoteInfo = DDChat;
		};
/* End PBXContainerItemProxy section */

/* Begin PBXFileReference section */
		429EF91DF6D92E1827AF8A15 /* Pods-DDChat.debug.xcconfig */ = {isa = PBXFileReference; includeInIndex = 1; lastKnownFileType = text.xcconfig; name = "Pods-DDChat.debug.xcconfig"; path = "Pods/Target Support Files/Pods-DDChat/Pods-DDChat.debug.xcconfig"; sourceTree = "<group>"; };
		59C5C62F2DA623C42FD729B8 /* Pods-DDChat.release.xcconfig */ = {isa = PBXFileReference; includeInIndex = 1; lastKnownFileType = text.xcconfig; name = "Pods-DDChat.release.xcconfig"; path = "Pods/Target Support Files/Pods-DDChat/Pods-DDChat.release.xcconfig"; sourceTree = "<group>"; };
		E34ACB5A20AE6E7C00ED693A /* DDChat.app */ = {isa = PBXFileReference; explicitFileType = wrapper.application; includeInIndex = 0; path = DDChat.app; sourceTree = BUILT_PRODUCTS_DIR; };
		E34ACB5D20AE6E7C00ED693A /* AppDelegate.h */ = {isa = PBXFileReference; lastKnownFileType = sourcecode.c.h; path = AppDelegate.h; sourceTree = "<group>"; };
		E34ACB5E20AE6E7C00ED693A /* AppDelegate.m */ = {isa = PBXFileReference; lastKnownFileType = sourcecode.c.objc; path = AppDelegate.m; sourceTree = "<group>"; };
		E34ACB6C20AE6E7D00ED693A /* main.m */ = {isa = PBXFileReference; lastKnownFileType = sourcecode.c.objc; path = main.m; sourceTree = "<group>"; };
		E34ACB7220AE6E7D00ED693A /* DDChatTests.xctest */ = {isa = PBXFileReference; explicitFileType = wrapper.cfbundle; includeInIndex = 0; path = DDChatTests.xctest; sourceTree = BUILT_PRODUCTS_DIR; };
		E34ACB7620AE6E7D00ED693A /* DDChatTests.m */ = {isa = PBXFileReference; lastKnownFileType = sourcecode.c.objc; path = DDChatTests.m; sourceTree = "<group>"; };
		E34ACB7820AE6E7D00ED693A /* Info.plist */ = {isa = PBXFileReference; lastKnownFileType = text.plist.xml; path = Info.plist; sourceTree = "<group>"; };
		E34ACB7D20AE6E7D00ED693A /* DDChatUITests.xctest */ = {isa = PBXFileReference; explicitFileType = wrapper.cfbundle; includeInIndex = 0; path = DDChatUITests.xctest; sourceTree = BUILT_PRODUCTS_DIR; };
		E34ACB8120AE6E7D00ED693A /* DDChatUITests.m */ = {isa = PBXFileReference; lastKnownFileType = sourcecode.c.objc; path = DDChatUITests.m; sourceTree = "<group>"; };
		E34ACB8320AE6E7D00ED693A /* Info.plist */ = {isa = PBXFileReference; lastKnownFileType = text.plist.xml; path = Info.plist; sourceTree = "<group>"; };
		E34ACB9120AE6F7B00ED693A /* Assets.xcassets */ = {isa = PBXFileReference; lastKnownFileType = folder.assetcatalog; path = Assets.xcassets; sourceTree = "<group>"; };
		E34ACB9220AE6F7B00ED693A /* Info.plist */ = {isa = PBXFileReference; fileEncoding = 4; lastKnownFileType = text.plist.xml; path = Info.plist; sourceTree = "<group>"; };
		E34ACB9720AE6FCB00ED693A /* Base */ = {isa = PBXFileReference; lastKnownFileType = file.storyboard; name = Base; path = LaunchScreen.storyboard; sourceTree = "<group>"; };
		E34ACB9920AE6FCB00ED693A /* Base */ = {isa = PBXFileReference; lastKnownFileType = file.storyboard; name = Base; path = Main.storyboard; sourceTree = "<group>"; };
		E34ACB9E20AE701600ED693A /* DDTabBarController.h */ = {isa = PBXFileReference; fileEncoding = 4; lastKnownFileType = sourcecode.c.h; path = DDTabBarController.h; sourceTree = "<group>"; };
		E34ACB9F20AE701600ED693A /* DDTabBarController.m */ = {isa = PBXFileReference; fileEncoding = 4; lastKnownFileType = sourcecode.c.objc; path = DDTabBarController.m; sourceTree = "<group>"; };
		E34ACBA120AE701600ED693A /* DDNavigationController.m */ = {isa = PBXFileReference; fileEncoding = 4; lastKnownFileType = sourcecode.c.objc; path = DDNavigationController.m; sourceTree = "<group>"; };
		E34ACBA220AE701600ED693A /* DDNavigationController.h */ = {isa = PBXFileReference; fileEncoding = 4; lastKnownFileType = sourcecode.c.h; path = DDNavigationController.h; sourceTree = "<group>"; };
		E34ACBA420AE701600ED693A /* DDBaseViewController.h */ = {isa = PBXFileReference; fileEncoding = 4; lastKnownFileType = sourcecode.c.h; path = DDBaseViewController.h; sourceTree = "<group>"; };
		E34ACBA520AE701600ED693A /* DDBaseModel.m */ = {isa = PBXFileReference; fileEncoding = 4; lastKnownFileType = sourcecode.c.objc; path = DDBaseModel.m; sourceTree = "<group>"; };
		E34ACBA620AE701600ED693A /* DDBaseViewController.m */ = {isa = PBXFileReference; fileEncoding = 4; lastKnownFileType = sourcecode.c.objc; path = DDBaseViewController.m; sourceTree = "<group>"; };
		E34ACBA720AE701600ED693A /* DDBaseModel.h */ = {isa = PBXFileReference; fileEncoding = 4; lastKnownFileType = sourcecode.c.h; path = DDBaseModel.h; sourceTree = "<group>"; };
		E34ACBAA20AE701600ED693A /* DDAddressBookModel.h */ = {isa = PBXFileReference; fileEncoding = 4; lastKnownFileType = sourcecode.c.h; path = DDAddressBookModel.h; sourceTree = "<group>"; };
		E34ACBAB20AE701600ED693A /* DDAddressBookModel.m */ = {isa = PBXFileReference; fileEncoding = 4; lastKnownFileType = sourcecode.c.objc; path = DDAddressBookModel.m; sourceTree = "<group>"; };
		E34ACBAD20AE701600ED693A /* DDAddressBookCell.h */ = {isa = PBXFileReference; fileEncoding = 4; lastKnownFileType = sourcecode.c.h; path = DDAddressBookCell.h; sourceTree = "<group>"; };
		E34ACBAE20AE701600ED693A /* DDAddressBookCell.m */ = {isa = PBXFileReference; fileEncoding = 4; lastKnownFileType = sourcecode.c.objc; path = DDAddressBookCell.m; sourceTree = "<group>"; };
		E34ACBB020AE701600ED693A /* DDAddressBookViewController.m */ = {isa = PBXFileReference; fileEncoding = 4; lastKnownFileType = sourcecode.c.objc; path = DDAddressBookViewController.m; sourceTree = "<group>"; };
		E34ACBB120AE701600ED693A /* DDAddressBookSearchController.m */ = {isa = PBXFileReference; fileEncoding = 4; lastKnownFileType = sourcecode.c.objc; path = DDAddressBookSearchController.m; sourceTree = "<group>"; };
		E34ACBB220AE701600ED693A /* DDAddressBookViewController.h */ = {isa = PBXFileReference; fileEncoding = 4; lastKnownFileType = sourcecode.c.h; path = DDAddressBookViewController.h; sourceTree = "<group>"; };
		E34ACBB320AE701600ED693A /* DDAddressBookSearchController.h */ = {isa = PBXFileReference; fileEncoding = 4; lastKnownFileType = sourcecode.c.h; path = DDAddressBookSearchController.h; sourceTree = "<group>"; };
		E34ACBB520AE701600ED693A /* DDDiscoveryViewController.h */ = {isa = PBXFileReference; fileEncoding = 4; lastKnownFileType = sourcecode.c.h; path = DDDiscoveryViewController.h; sourceTree = "<group>"; };
		E34ACBB620AE701600ED693A /* DDDiscoveryViewController.m */ = {isa = PBXFileReference; fileEncoding = 4; lastKnownFileType = sourcecode.c.objc; path = DDDiscoveryViewController.m; sourceTree = "<group>"; };
		E34ACBB820AE701600ED693A /* DDHomeViewController.h */ = {isa = PBXFileReference; fileEncoding = 4; lastKnownFileType = sourcecode.c.h; path = DDHomeViewController.h; sourceTree = "<group>"; };
		E34ACBB920AE701600ED693A /* DDHomeViewController.m */ = {isa = PBXFileReference; fileEncoding = 4; lastKnownFileType = sourcecode.c.objc; path = DDHomeViewController.m; sourceTree = "<group>"; };
		E34ACBBB20AE701600ED693A /* DDMineViewController.m */ = {isa = PBXFileReference; fileEncoding = 4; lastKnownFileType = sourcecode.c.objc; path = DDMineViewController.m; sourceTree = "<group>"; };
		E34ACBBC20AE701600ED693A /* DDMineViewController.h */ = {isa = PBXFileReference; fileEncoding = 4; lastKnownFileType = sourcecode.c.h; path = DDMineViewController.h; sourceTree = "<group>"; };
		E34ACBC820AE708400ED693A /* DDChat_PrefixHeader.pch */ = {isa = PBXFileReference; lastKnownFileType = sourcecode.c.h; path = DDChat_PrefixHeader.pch; sourceTree = "<group>"; };
		E34ACBCD20AE775800ED693A /* DDChatCell.h */ = {isa = PBXFileReference; lastKnownFileType = sourcecode.c.h; path = DDChatCell.h; sourceTree = "<group>"; };
		E34ACBCE20AE775800ED693A /* DDChatCell.m */ = {isa = PBXFileReference; lastKnownFileType = sourcecode.c.objc; path = DDChatCell.m; sourceTree = "<group>"; };
		E34ACBD020AE776700ED693A /* DDChatModel.h */ = {isa = PBXFileReference; fileEncoding = 4; lastKnownFileType = sourcecode.c.h; path = DDChatModel.h; sourceTree = "<group>"; };
		E34ACBD120AE776700ED693A /* DDChatModel.m */ = {isa = PBXFileReference; fileEncoding = 4; lastKnownFileType = sourcecode.c.objc; path = DDChatModel.m; sourceTree = "<group>"; };
		E34ACBDE20AEC3B900ED693A /* DDAudioRecorder.h */ = {isa = PBXFileReference; lastKnownFileType = sourcecode.c.h; path = DDAudioRecorder.h; sourceTree = "<group>"; };
		E34ACBDF20AEC3B900ED693A /* DDAudioRecorder.m */ = {isa = PBXFileReference; lastKnownFileType = sourcecode.c.objc; path = DDAudioRecorder.m; sourceTree = "<group>"; };
		E34ACBE120AEC3C300ED693A /* DDAudioPlayer.h */ = {isa = PBXFileReference; lastKnownFileType = sourcecode.c.h; path = DDAudioPlayer.h; sourceTree = "<group>"; };
		E34ACBE220AEC3C300ED693A /* DDAudioPlayer.m */ = {isa = PBXFileReference; lastKnownFileType = sourcecode.c.objc; path = DDAudioPlayer.m; sourceTree = "<group>"; };
		E367945920B5199800B4093F /* DDPressToTalkButton.h */ = {isa = PBXFileReference; fileEncoding = 4; lastKnownFileType = sourcecode.c.h; path = DDPressToTalkButton.h; sourceTree = "<group>"; };
		E367945A20B5199800B4093F /* DDChatBaseViewController.m */ = {isa = PBXFileReference; fileEncoding = 4; lastKnownFileType = sourcecode.c.objc; path = DDChatBaseViewController.m; sourceTree = "<group>"; };
		E367945C20B5199800B4093F /* chatToolBar.xcassets */ = {isa = PBXFileReference; lastKnownFileType = folder.assetcatalog; path = chatToolBar.xcassets; sourceTree = "<group>"; };
		E367945D20B5199800B4093F /* DDChatToolBarCommon.h */ = {isa = PBXFileReference; fileEncoding = 4; lastKnownFileType = sourcecode.c.h; path = DDChatToolBarCommon.h; sourceTree = "<group>"; };
		E367945E20B5199800B4093F /* DDChatViewController+keyboardNotification.m */ = {isa = PBXFileReference; fileEncoding = 4; lastKnownFileType = sourcecode.c.objc; path = "DDChatViewController+keyboardNotification.m"; sourceTree = "<group>"; };
		E367945F20B5199800B4093F /* DDChatToolBar.h */ = {isa = PBXFileReference; fileEncoding = 4; lastKnownFileType = sourcecode.c.h; path = DDChatToolBar.h; sourceTree = "<group>"; };
		E367946120B5199800B4093F /* DDChatKeyboardDelegate.h */ = {isa = PBXFileReference; fileEncoding = 4; lastKnownFileType = sourcecode.c.h; path = DDChatKeyboardDelegate.h; sourceTree = "<group>"; };
		E367946220B5199800B4093F /* DDChatMoreKeyboard.h */ = {isa = PBXFileReference; fileEncoding = 4; lastKnownFileType = sourcecode.c.h; path = DDChatMoreKeyboard.h; sourceTree = "<group>"; };
		E367946320B5199800B4093F /* DDChatBaseViewController+ChatKeyboard.m */ = {isa = PBXFileReference; fileEncoding = 4; lastKnownFileType = sourcecode.c.objc; path = "DDChatBaseViewController+ChatKeyboard.m"; sourceTree = "<group>"; };
		E367946420B5199800B4093F /* DDChatBaseKeyboard.m */ = {isa = PBXFileReference; fileEncoding = 4; lastKnownFileType = sourcecode.c.objc; path = DDChatBaseKeyboard.m; sourceTree = "<group>"; };
		E367946520B5199800B4093F /* DDChatMoreKeyboard.m */ = {isa = PBXFileReference; fileEncoding = 4; lastKnownFileType = sourcecode.c.objc; path = DDChatMoreKeyboard.m; sourceTree = "<group>"; };
		E367946620B5199800B4093F /* DDChatBaseViewController+ChatKeyboard.h */ = {isa = PBXFileReference; fileEncoding = 4; lastKnownFileType = sourcecode.c.h; path = "DDChatBaseViewController+ChatKeyboard.h"; sourceTree = "<group>"; };
		E367946820B5199800B4093F /* DDChatEmojiKeyboard.m */ = {isa = PBXFileReference; fileEncoding = 4; lastKnownFileType = sourcecode.c.objc; path = DDChatEmojiKeyboard.m; sourceTree = "<group>"; };
		E367946920B5199800B4093F /* DDEmojiCell.m */ = {isa = PBXFileReference; fileEncoding = 4; lastKnownFileType = sourcecode.c.objc; path = DDEmojiCell.m; sourceTree = "<group>"; };
		E367946B20B5199800B4093F /* DDChatEmojiGroupView.h */ = {isa = PBXFileReference; fileEncoding = 4; lastKnownFileType = sourcecode.c.h; path = DDChatEmojiGroupView.h; sourceTree = "<group>"; };
		E367946C20B5199800B4093F /* DDChatEmojiGroupView.m */ = {isa = PBXFileReference; fileEncoding = 4; lastKnownFileType = sourcecode.c.objc; path = DDChatEmojiGroupView.m; sourceTree = "<group>"; };
		E367946D20B5199800B4093F /* DDChatEmojiKeyboard.h */ = {isa = PBXFileReference; fileEncoding = 4; lastKnownFileType = sourcecode.c.h; path = DDChatEmojiKeyboard.h; sourceTree = "<group>"; };
		E367946E20B5199800B4093F /* DDEmojiCell.h */ = {isa = PBXFileReference; fileEncoding = 4; lastKnownFileType = sourcecode.c.h; path = DDEmojiCell.h; sourceTree = "<group>"; };
		E367946F20B5199800B4093F /* DDChatBaseKeyboard.h */ = {isa = PBXFileReference; fileEncoding = 4; lastKnownFileType = sourcecode.c.h; path = DDChatBaseKeyboard.h; sourceTree = "<group>"; };
		E367947120B5199800B4093F /* DDChatBaseViewController+chatToolBarTranslate.h */ = {isa = PBXFileReference; fileEncoding = 4; lastKnownFileType = sourcecode.c.h; path = "DDChatBaseViewController+chatToolBarTranslate.h"; sourceTree = "<group>"; };
		E367947220B5199800B4093F /* DDChatBaseViewController+chatToolBarTranslate.m */ = {isa = PBXFileReference; fileEncoding = 4; lastKnownFileType = sourcecode.c.objc; path = "DDChatBaseViewController+chatToolBarTranslate.m"; sourceTree = "<group>"; };
		E367947320B5199800B4093F /* DDChatToolBarTranslateDelegate.h */ = {isa = PBXFileReference; fileEncoding = 4; lastKnownFileType = sourcecode.c.h; path = DDChatToolBarTranslateDelegate.h; sourceTree = "<group>"; };
		E367947420B5199800B4093F /* DDPressToTalkButton.m */ = {isa = PBXFileReference; fileEncoding = 4; lastKnownFileType = sourcecode.c.objc; path = DDPressToTalkButton.m; sourceTree = "<group>"; };
		E367947520B5199800B4093F /* DDChatViewController+keyboardNotification.h */ = {isa = PBXFileReference; fileEncoding = 4; lastKnownFileType = sourcecode.c.h; path = "DDChatViewController+keyboardNotification.h"; sourceTree = "<group>"; };
		E367947620B5199800B4093F /* DDChatBaseViewController.h */ = {isa = PBXFileReference; fileEncoding = 4; lastKnownFileType = sourcecode.c.h; path = DDChatBaseViewController.h; sourceTree = "<group>"; };
		E367947820B5199800B4093F /* UIButton+Extensions.h */ = {isa = PBXFileReference; fileEncoding = 4; lastKnownFileType = sourcecode.c.h; path = "UIButton+Extensions.h"; sourceTree = "<group>"; };
		E367947920B5199800B4093F /* UIButton+Extensions.m */ = {isa = PBXFileReference; fileEncoding = 4; lastKnownFileType = sourcecode.c.objc; path = "UIButton+Extensions.m"; sourceTree = "<group>"; };
		E367947A20B5199800B4093F /* DDChatToolBar.m */ = {isa = PBXFileReference; fileEncoding = 4; lastKnownFileType = sourcecode.c.objc; path = DDChatToolBar.m; sourceTree = "<group>"; };
		E367948820B51A3200B4093F /* DDChatViewController.h */ = {isa = PBXFileReference; lastKnownFileType = sourcecode.c.h; path = DDChatViewController.h; sourceTree = "<group>"; };
		E367948920B51A3200B4093F /* DDChatViewController.m */ = {isa = PBXFileReference; lastKnownFileType = sourcecode.c.objc; path = DDChatViewController.m; sourceTree = "<group>"; };
		E9EFBA9C88A66DDEC2FE4207 /* libPods-DDChat.a */ = {isa = PBXFileReference; explicitFileType = archive.ar; includeInIndex = 0; path = "libPods-DDChat.a"; sourceTree = BUILT_PRODUCTS_DIR; };
/* End PBXFileReference section */

/* Begin PBXFrameworksBuildPhase section */
		E34ACB5720AE6E7C00ED693A /* Frameworks */ = {
			isa = PBXFrameworksBuildPhase;
			buildActionMask = 2147483647;
			files = (
				2A9C0FDBFDBFA06C25EF6B22 /* libPods-DDChat.a in Frameworks */,
			);
			runOnlyForDeploymentPostprocessing = 0;
		};
		E34ACB6F20AE6E7D00ED693A /* Frameworks */ = {
			isa = PBXFrameworksBuildPhase;
			buildActionMask = 2147483647;
			files = (
			);
			runOnlyForDeploymentPostprocessing = 0;
		};
		E34ACB7A20AE6E7D00ED693A /* Frameworks */ = {
			isa = PBXFrameworksBuildPhase;
			buildActionMask = 2147483647;
			files = (
			);
			runOnlyForDeploymentPostprocessing = 0;
		};
/* End PBXFrameworksBuildPhase section */

/* Begin PBXGroup section */
		E010857F94F6CE9E721336DF /* Pods */ = {
			isa = PBXGroup;
			children = (
				429EF91DF6D92E1827AF8A15 /* Pods-DDChat.debug.xcconfig */,
				59C5C62F2DA623C42FD729B8 /* Pods-DDChat.release.xcconfig */,
			);
			name = Pods;
			sourceTree = "<group>";
		};
		E34ACB5120AE6E7C00ED693A = {
			isa = PBXGroup;
			children = (
				E34ACB5C20AE6E7C00ED693A /* DDChat */,
				E34ACB7520AE6E7D00ED693A /* DDChatTests */,
				E34ACB8020AE6E7D00ED693A /* DDChatUITests */,
				E34ACB5B20AE6E7C00ED693A /* Products */,
				E010857F94F6CE9E721336DF /* Pods */,
				E578D54C3E8280675B29FA79 /* Frameworks */,
			);
			sourceTree = "<group>";
		};
		E34ACB5B20AE6E7C00ED693A /* Products */ = {
			isa = PBXGroup;
			children = (
				E34ACB5A20AE6E7C00ED693A /* DDChat.app */,
				E34ACB7220AE6E7D00ED693A /* DDChatTests.xctest */,
				E34ACB7D20AE6E7D00ED693A /* DDChatUITests.xctest */,
			);
			name = Products;
			sourceTree = "<group>";
		};
		E34ACB5C20AE6E7C00ED693A /* DDChat */ = {
			isa = PBXGroup;
			children = (
				E34ACBDD20AEC3A400ED693A /* Tools */,
				E34ACB8F20AE6F3300ED693A /* Classes */,
				E34ACB9020AE6F5900ED693A /* Support File */,
				E34ACB5D20AE6E7C00ED693A /* AppDelegate.h */,
				E34ACB5E20AE6E7C00ED693A /* AppDelegate.m */,
				E34ACB6C20AE6E7D00ED693A /* main.m */,
			);
			path = DDChat;
			sourceTree = "<group>";
		};
		E34ACB7520AE6E7D00ED693A /* DDChatTests */ = {
			isa = PBXGroup;
			children = (
				E34ACB7620AE6E7D00ED693A /* DDChatTests.m */,
				E34ACB7820AE6E7D00ED693A /* Info.plist */,
			);
			path = DDChatTests;
			sourceTree = "<group>";
		};
		E34ACB8020AE6E7D00ED693A /* DDChatUITests */ = {
			isa = PBXGroup;
			children = (
				E34ACB8120AE6E7D00ED693A /* DDChatUITests.m */,
				E34ACB8320AE6E7D00ED693A /* Info.plist */,
			);
			path = DDChatUITests;
			sourceTree = "<group>";
		};
		E34ACB8F20AE6F3300ED693A /* Classes */ = {
			isa = PBXGroup;
			children = (
				E34ACB9C20AE701600ED693A /* Common */,
				E34ACBC920AE773100ED693A /* Chat */,
				E34ACBB720AE701600ED693A /* Home */,
				E34ACBA820AE701600ED693A /* AddressBook */,
				E34ACBB420AE701600ED693A /* Discovery */,
				E34ACBBA20AE701600ED693A /* Mine */,
			);
			path = Classes;
			sourceTree = "<group>";
		};
		E34ACB9020AE6F5900ED693A /* Support File */ = {
			isa = PBXGroup;
			children = (
				E34ACB9520AE6FCB00ED693A /* Base.lproj */,
				E34ACB9120AE6F7B00ED693A /* Assets.xcassets */,
				E34ACB9220AE6F7B00ED693A /* Info.plist */,
				E34ACBC820AE708400ED693A /* DDChat_PrefixHeader.pch */,
			);
			path = "Support File";
			sourceTree = "<group>";
		};
		E34ACB9520AE6FCB00ED693A /* Base.lproj */ = {
			isa = PBXGroup;
			children = (
				E34ACB9620AE6FCB00ED693A /* LaunchScreen.storyboard */,
				E34ACB9820AE6FCB00ED693A /* Main.storyboard */,
			);
			path = Base.lproj;
			sourceTree = "<group>";
		};
		E34ACB9C20AE701600ED693A /* Common */ = {
			isa = PBXGroup;
			children = (
				E34ACB9D20AE701600ED693A /* TabBar */,
				E34ACBA020AE701600ED693A /* Nav */,
				E34ACBA320AE701600ED693A /* Base */,
			);
			path = Common;
			sourceTree = "<group>";
		};
		E34ACB9D20AE701600ED693A /* TabBar */ = {
			isa = PBXGroup;
			children = (
				E34ACB9E20AE701600ED693A /* DDTabBarController.h */,
				E34ACB9F20AE701600ED693A /* DDTabBarController.m */,
			);
			path = TabBar;
			sourceTree = "<group>";
		};
		E34ACBA020AE701600ED693A /* Nav */ = {
			isa = PBXGroup;
			children = (
				E34ACBA220AE701600ED693A /* DDNavigationController.h */,
				E34ACBA120AE701600ED693A /* DDNavigationController.m */,
			);
			path = Nav;
			sourceTree = "<group>";
		};
		E34ACBA320AE701600ED693A /* Base */ = {
			isa = PBXGroup;
			children = (
				E34ACBA420AE701600ED693A /* DDBaseViewController.h */,
				E34ACBA520AE701600ED693A /* DDBaseModel.m */,
				E34ACBA620AE701600ED693A /* DDBaseViewController.m */,
				E34ACBA720AE701600ED693A /* DDBaseModel.h */,
			);
			path = Base;
			sourceTree = "<group>";
		};
		E34ACBA820AE701600ED693A /* AddressBook */ = {
			isa = PBXGroup;
			children = (
				E34ACBA920AE701600ED693A /* Model */,
				E34ACBAC20AE701600ED693A /* View */,
				E34ACBAF20AE701600ED693A /* ViewController */,
			);
			path = AddressBook;
			sourceTree = "<group>";
		};
		E34ACBA920AE701600ED693A /* Model */ = {
			isa = PBXGroup;
			children = (
				E34ACBAA20AE701600ED693A /* DDAddressBookModel.h */,
				E34ACBAB20AE701600ED693A /* DDAddressBookModel.m */,
			);
			path = Model;
			sourceTree = "<group>";
		};
		E34ACBAC20AE701600ED693A /* View */ = {
			isa = PBXGroup;
			children = (
				E34ACBAD20AE701600ED693A /* DDAddressBookCell.h */,
				E34ACBAE20AE701600ED693A /* DDAddressBookCell.m */,
			);
			path = View;
			sourceTree = "<group>";
		};
		E34ACBAF20AE701600ED693A /* ViewController */ = {
			isa = PBXGroup;
			children = (
				E34ACBB220AE701600ED693A /* DDAddressBookViewController.h */,
				E34ACBB020AE701600ED693A /* DDAddressBookViewController.m */,
				E34ACBB320AE701600ED693A /* DDAddressBookSearchController.h */,
				E34ACBB120AE701600ED693A /* DDAddressBookSearchController.m */,
			);
			path = ViewController;
			sourceTree = "<group>";
		};
		E34ACBB420AE701600ED693A /* Discovery */ = {
			isa = PBXGroup;
			children = (
				E34ACBB520AE701600ED693A /* DDDiscoveryViewController.h */,
				E34ACBB620AE701600ED693A /* DDDiscoveryViewController.m */,
			);
			path = Discovery;
			sourceTree = "<group>";
		};
		E34ACBB720AE701600ED693A /* Home */ = {
			isa = PBXGroup;
			children = (
				E34ACBB820AE701600ED693A /* DDHomeViewController.h */,
				E34ACBB920AE701600ED693A /* DDHomeViewController.m */,
			);
			path = Home;
			sourceTree = "<group>";
		};
		E34ACBBA20AE701600ED693A /* Mine */ = {
			isa = PBXGroup;
			children = (
				E34ACBBB20AE701600ED693A /* DDMineViewController.m */,
				E34ACBBC20AE701600ED693A /* DDMineViewController.h */,
			);
			path = Mine;
			sourceTree = "<group>";
		};
		E34ACBC920AE773100ED693A /* Chat */ = {
			isa = PBXGroup;
			children = (
				E367947620B5199800B4093F /* DDChatBaseViewController.h */,
				E367945A20B5199800B4093F /* DDChatBaseViewController.m */,
				E367948820B51A3200B4093F /* DDChatViewController.h */,
				E367948920B51A3200B4093F /* DDChatViewController.m */,
				E367945820B5199800B4093F /* DDChatToolBar */,
				E34ACBCD20AE775800ED693A /* DDChatCell.h */,
				E34ACBCE20AE775800ED693A /* DDChatCell.m */,
				E34ACBD020AE776700ED693A /* DDChatModel.h */,
				E34ACBD120AE776700ED693A /* DDChatModel.m */,
			);
			path = Chat;
			sourceTree = "<group>";
		};
		E34ACBDD20AEC3A400ED693A /* Tools */ = {
			isa = PBXGroup;
			children = (
				E367947720B5199800B4093F /* UIButton+Extensions */,
				E34ACBDE20AEC3B900ED693A /* DDAudioRecorder.h */,
				E34ACBDF20AEC3B900ED693A /* DDAudioRecorder.m */,
				E34ACBE120AEC3C300ED693A /* DDAudioPlayer.h */,
				E34ACBE220AEC3C300ED693A /* DDAudioPlayer.m */,
			);
			path = Tools;
			sourceTree = "<group>";
		};
		E367945820B5199800B4093F /* DDChatToolBar */ = {
			isa = PBXGroup;
			children = (
				E367945D20B5199800B4093F /* DDChatToolBarCommon.h */,
				E367945F20B5199800B4093F /* DDChatToolBar.h */,
				E367947A20B5199800B4093F /* DDChatToolBar.m */,
				E367945920B5199800B4093F /* DDPressToTalkButton.h */,
				E367947420B5199800B4093F /* DDPressToTalkButton.m */,
				E367945B20B5199800B4093F /* imageSource */,
				E367947520B5199800B4093F /* DDChatViewController+keyboardNotification.h */,
				E367945E20B5199800B4093F /* DDChatViewController+keyboardNotification.m */,
				E367946020B5199800B4093F /* DDChatKeyboard */,
				E367947020B5199800B4093F /* DDChatToolBarDelegate */,
			);
			path = DDChatToolBar;
			sourceTree = "<group>";
		};
		E367945B20B5199800B4093F /* imageSource */ = {
			isa = PBXGroup;
			children = (
				E367945C20B5199800B4093F /* chatToolBar.xcassets */,
			);
			path = imageSource;
			sourceTree = "<group>";
		};
		E367946020B5199800B4093F /* DDChatKeyboard */ = {
			isa = PBXGroup;
			children = (
				E367946120B5199800B4093F /* DDChatKeyboardDelegate.h */,
				E367946220B5199800B4093F /* DDChatMoreKeyboard.h */,
				E367946320B5199800B4093F /* DDChatBaseViewController+ChatKeyboard.m */,
				E367946420B5199800B4093F /* DDChatBaseKeyboard.m */,
				E367946520B5199800B4093F /* DDChatMoreKeyboard.m */,
				E367946620B5199800B4093F /* DDChatBaseViewController+ChatKeyboard.h */,
				E367946720B5199800B4093F /* DDChatEmojiKeyboard */,
				E367946F20B5199800B4093F /* DDChatBaseKeyboard.h */,
			);
			path = DDChatKeyboard;
			sourceTree = "<group>";
		};
		E367946720B5199800B4093F /* DDChatEmojiKeyboard */ = {
			isa = PBXGroup;
			children = (
				E367946820B5199800B4093F /* DDChatEmojiKeyboard.m */,
				E367946920B5199800B4093F /* DDEmojiCell.m */,
				E367946A20B5199800B4093F /* DDChatEmojiGroupView */,
				E367946D20B5199800B4093F /* DDChatEmojiKeyboard.h */,
				E367946E20B5199800B4093F /* DDEmojiCell.h */,
			);
			path = DDChatEmojiKeyboard;
			sourceTree = "<group>";
		};
		E367946A20B5199800B4093F /* DDChatEmojiGroupView */ = {
			isa = PBXGroup;
			children = (
				E367946B20B5199800B4093F /* DDChatEmojiGroupView.h */,
				E367946C20B5199800B4093F /* DDChatEmojiGroupView.m */,
			);
			path = DDChatEmojiGroupView;
			sourceTree = "<group>";
		};
		E367947020B5199800B4093F /* DDChatToolBarDelegate */ = {
			isa = PBXGroup;
			children = (
				E367947120B5199800B4093F /* DDChatBaseViewController+chatToolBarTranslate.h */,
				E367947220B5199800B4093F /* DDChatBaseViewController+chatToolBarTranslate.m */,
				E367947320B5199800B4093F /* DDChatToolBarTranslateDelegate.h */,
			);
			path = DDChatToolBarDelegate;
			sourceTree = "<group>";
		};
		E367947720B5199800B4093F /* UIButton+Extensions */ = {
			isa = PBXGroup;
			children = (
				E367947820B5199800B4093F /* UIButton+Extensions.h */,
				E367947920B5199800B4093F /* UIButton+Extensions.m */,
			);
			path = "UIButton+Extensions";
			sourceTree = "<group>";
		};
		E578D54C3E8280675B29FA79 /* Frameworks */ = {
			isa = PBXGroup;
			children = (
				E9EFBA9C88A66DDEC2FE4207 /* libPods-DDChat.a */,
			);
			name = Frameworks;
			sourceTree = "<group>";
		};
/* End PBXGroup section */

/* Begin PBXNativeTarget section */
		E34ACB5920AE6E7C00ED693A /* DDChat */ = {
			isa = PBXNativeTarget;
			buildConfigurationList = E34ACB8620AE6E7D00ED693A /* Build configuration list for PBXNativeTarget "DDChat" */;
			buildPhases = (
				30C1F04CE418B509FD467F9E /* [CP] Check Pods Manifest.lock */,
				E34ACB5620AE6E7C00ED693A /* Sources */,
				E34ACB5720AE6E7C00ED693A /* Frameworks */,
				E34ACB5820AE6E7C00ED693A /* Resources */,
				92817EA961E4A9751EBA2098 /* [CP] Copy Pods Resources */,
			);
			buildRules = (
			);
			dependencies = (
			);
			name = DDChat;
			productName = DDChat;
			productReference = E34ACB5A20AE6E7C00ED693A /* DDChat.app */;
			productType = "com.apple.product-type.application";
		};
		E34ACB7120AE6E7D00ED693A /* DDChatTests */ = {
			isa = PBXNativeTarget;
			buildConfigurationList = E34ACB8920AE6E7D00ED693A /* Build configuration list for PBXNativeTarget "DDChatTests" */;
			buildPhases = (
				E34ACB6E20AE6E7D00ED693A /* Sources */,
				E34ACB6F20AE6E7D00ED693A /* Frameworks */,
				E34ACB7020AE6E7D00ED693A /* Resources */,
			);
			buildRules = (
			);
			dependencies = (
				E34ACB7420AE6E7D00ED693A /* PBXTargetDependency */,
			);
			name = DDChatTests;
			productName = DDChatTests;
			productReference = E34ACB7220AE6E7D00ED693A /* DDChatTests.xctest */;
			productType = "com.apple.product-type.bundle.unit-test";
		};
		E34ACB7C20AE6E7D00ED693A /* DDChatUITests */ = {
			isa = PBXNativeTarget;
			buildConfigurationList = E34ACB8C20AE6E7D00ED693A /* Build configuration list for PBXNativeTarget "DDChatUITests" */;
			buildPhases = (
				E34ACB7920AE6E7D00ED693A /* Sources */,
				E34ACB7A20AE6E7D00ED693A /* Frameworks */,
				E34ACB7B20AE6E7D00ED693A /* Resources */,
			);
			buildRules = (
			);
			dependencies = (
				E34ACB7F20AE6E7D00ED693A /* PBXTargetDependency */,
			);
			name = DDChatUITests;
			productName = DDChatUITests;
			productReference = E34ACB7D20AE6E7D00ED693A /* DDChatUITests.xctest */;
			productType = "com.apple.product-type.bundle.ui-testing";
		};
/* End PBXNativeTarget section */

/* Begin PBXProject section */
		E34ACB5220AE6E7C00ED693A /* Project object */ = {
			isa = PBXProject;
			attributes = {
				LastUpgradeCheck = 0930;
				ORGANIZATIONNAME = wuqh;
				TargetAttributes = {
					E34ACB5920AE6E7C00ED693A = {
						CreatedOnToolsVersion = 9.3.1;
					};
					E34ACB7120AE6E7D00ED693A = {
						CreatedOnToolsVersion = 9.3.1;
						TestTargetID = E34ACB5920AE6E7C00ED693A;
					};
					E34ACB7C20AE6E7D00ED693A = {
						CreatedOnToolsVersion = 9.3.1;
						TestTargetID = E34ACB5920AE6E7C00ED693A;
					};
				};
			};
			buildConfigurationList = E34ACB5520AE6E7C00ED693A /* Build configuration list for PBXProject "DDChat" */;
			compatibilityVersion = "Xcode 9.3";
			developmentRegion = en;
			hasScannedForEncodings = 0;
			knownRegions = (
				en,
				Base,
			);
			mainGroup = E34ACB5120AE6E7C00ED693A;
			productRefGroup = E34ACB5B20AE6E7C00ED693A /* Products */;
			projectDirPath = "";
			projectRoot = "";
			targets = (
				E34ACB5920AE6E7C00ED693A /* DDChat */,
				E34ACB7120AE6E7D00ED693A /* DDChatTests */,
				E34ACB7C20AE6E7D00ED693A /* DDChatUITests */,
			);
		};
/* End PBXProject section */

/* Begin PBXResourcesBuildPhase section */
		E34ACB5820AE6E7C00ED693A /* Resources */ = {
			isa = PBXResourcesBuildPhase;
			buildActionMask = 2147483647;
			files = (
				E367947C20B5199800B4093F /* chatToolBar.xcassets in Resources */,
				E34ACB9420AE6F7B00ED693A /* Info.plist in Resources */,
				E34ACB9320AE6F7B00ED693A /* Assets.xcassets in Resources */,
				E34ACB9B20AE6FCB00ED693A /* Main.storyboard in Resources */,
				E34ACB9A20AE6FCB00ED693A /* LaunchScreen.storyboard in Resources */,
			);
			runOnlyForDeploymentPostprocessing = 0;
		};
		E34ACB7020AE6E7D00ED693A /* Resources */ = {
			isa = PBXResourcesBuildPhase;
			buildActionMask = 2147483647;
			files = (
			);
			runOnlyForDeploymentPostprocessing = 0;
		};
		E34ACB7B20AE6E7D00ED693A /* Resources */ = {
			isa = PBXResourcesBuildPhase;
			buildActionMask = 2147483647;
			files = (
			);
			runOnlyForDeploymentPostprocessing = 0;
		};
/* End PBXResourcesBuildPhase section */

/* Begin PBXShellScriptBuildPhase section */
		30C1F04CE418B509FD467F9E /* [CP] Check Pods Manifest.lock */ = {
			isa = PBXShellScriptBuildPhase;
			buildActionMask = 2147483647;
			files = (
			);
			inputPaths = (
				"${PODS_PODFILE_DIR_PATH}/Podfile.lock",
				"${PODS_ROOT}/Manifest.lock",
			);
			name = "[CP] Check Pods Manifest.lock";
			outputPaths = (
				"$(DERIVED_FILE_DIR)/Pods-DDChat-checkManifestLockResult.txt",
			);
			runOnlyForDeploymentPostprocessing = 0;
			shellPath = /bin/sh;
			shellScript = "diff \"${PODS_PODFILE_DIR_PATH}/Podfile.lock\" \"${PODS_ROOT}/Manifest.lock\" > /dev/null\nif [ $? != 0 ] ; then\n    # print error to STDERR\n    echo \"error: The sandbox is not in sync with the Podfile.lock. Run 'pod install' or update your CocoaPods installation.\" >&2\n    exit 1\nfi\n# This output is used by Xcode 'outputs' to avoid re-running this script phase.\necho \"SUCCESS\" > \"${SCRIPT_OUTPUT_FILE_0}\"\n";
			showEnvVarsInLog = 0;
		};
		92817EA961E4A9751EBA2098 /* [CP] Copy Pods Resources */ = {
			isa = PBXShellScriptBuildPhase;
			buildActionMask = 2147483647;
			files = (
			);
			inputPaths = (
				"${SRCROOT}/Pods/Target Support Files/Pods-DDChat/Pods-DDChat-resources.sh",
				"${PODS_ROOT}/RongCloudIM/RongCloudIM/RCConfig.plist",
			);
			name = "[CP] Copy Pods Resources";
			outputPaths = (
				"${TARGET_BUILD_DIR}/${UNLOCALIZED_RESOURCES_FOLDER_PATH}/RCConfig.plist",
			);
			runOnlyForDeploymentPostprocessing = 0;
			shellPath = /bin/sh;
			shellScript = "\"${SRCROOT}/Pods/Target Support Files/Pods-DDChat/Pods-DDChat-resources.sh\"\n";
			showEnvVarsInLog = 0;
		};
/* End PBXShellScriptBuildPhase section */

/* Begin PBXSourcesBuildPhase section */
		E34ACB5620AE6E7C00ED693A /* Sources */ = {
			isa = PBXSourcesBuildPhase;
			buildActionMask = 2147483647;
			files = (
				E367948720B5199800B4093F /* DDChatToolBar.m in Sources */,
				E34ACBCF20AE775800ED693A /* DDChatCell.m in Sources */,
				E367948120B5199800B4093F /* DDChatEmojiKeyboard.m in Sources */,
				E34ACBD220AE776700ED693A /* DDChatModel.m in Sources */,
				E367948320B5199800B4093F /* DDChatEmojiGroupView.m in Sources */,
				E34ACB6D20AE6E7D00ED693A /* main.m in Sources */,
				E367948220B5199800B4093F /* DDEmojiCell.m in Sources */,
				E34ACBC720AE701600ED693A /* DDMineViewController.m in Sources */,
				E34ACBC620AE701600ED693A /* DDHomeViewController.m in Sources */,
				E367948420B5199800B4093F /* DDChatBaseViewController+chatToolBarTranslate.m in Sources */,
				E367947B20B5199800B4093F /* DDChatBaseViewController.m in Sources */,
				E367948520B5199800B4093F /* DDPressToTalkButton.m in Sources */,
				E34ACBC120AE701600ED693A /* DDAddressBookModel.m in Sources */,
				E34ACBE320AEC3C300ED693A /* DDAudioPlayer.m in Sources */,
				E367948620B5199800B4093F /* UIButton+Extensions.m in Sources */,
				E34ACBBD20AE701600ED693A /* DDTabBarController.m in Sources */,
				E34ACBE020AEC3B900ED693A /* DDAudioRecorder.m in Sources */,
				E34ACBC520AE701600ED693A /* DDDiscoveryViewController.m in Sources */,
				E367948A20B51A3200B4093F /* DDChatViewController.m in Sources */,
				E34ACBBF20AE701600ED693A /* DDBaseModel.m in Sources */,
				E367947E20B5199800B4093F /* DDChatBaseViewController+ChatKeyboard.m in Sources */,
				E34ACBC020AE701600ED693A /* DDBaseViewController.m in Sources */,
				E34ACBC320AE701600ED693A /* DDAddressBookViewController.m in Sources */,
				E367947D20B5199800B4093F /* DDChatViewController+keyboardNotification.m in Sources */,
				E34ACB5F20AE6E7C00ED693A /* AppDelegate.m in Sources */,
				E34ACBBE20AE701600ED693A /* DDNavigationController.m in Sources */,
				E367947F20B5199800B4093F /* DDChatBaseKeyboard.m in Sources */,
				E34ACBC220AE701600ED693A /* DDAddressBookCell.m in Sources */,
				E34ACBC420AE701600ED693A /* DDAddressBookSearchController.m in Sources */,
				E367948020B5199800B4093F /* DDChatMoreKeyboard.m in Sources */,
			);
			runOnlyForDeploymentPostprocessing = 0;
		};
		E34ACB6E20AE6E7D00ED693A /* Sources */ = {
			isa = PBXSourcesBuildPhase;
			buildActionMask = 2147483647;
			files = (
				E34ACB7720AE6E7D00ED693A /* DDChatTests.m in Sources */,
			);
			runOnlyForDeploymentPostprocessing = 0;
		};
		E34ACB7920AE6E7D00ED693A /* Sources */ = {
			isa = PBXSourcesBuildPhase;
			buildActionMask = 2147483647;
			files = (
				E34ACB8220AE6E7D00ED693A /* DDChatUITests.m in Sources */,
			);
			runOnlyForDeploymentPostprocessing = 0;
		};
/* End PBXSourcesBuildPhase section */

/* Begin PBXTargetDependency section */
		E34ACB7420AE6E7D00ED693A /* PBXTargetDependency */ = {
			isa = PBXTargetDependency;
			target = E34ACB5920AE6E7C00ED693A /* DDChat */;
			targetProxy = E34ACB7320AE6E7D00ED693A /* PBXContainerItemProxy */;
		};
		E34ACB7F20AE6E7D00ED693A /* PBXTargetDependency */ = {
			isa = PBXTargetDependency;
			target = E34ACB5920AE6E7C00ED693A /* DDChat */;
			targetProxy = E34ACB7E20AE6E7D00ED693A /* PBXContainerItemProxy */;
		};
/* End PBXTargetDependency section */

/* Begin PBXVariantGroup section */
		E34ACB9620AE6FCB00ED693A /* LaunchScreen.storyboard */ = {
			isa = PBXVariantGroup;
			children = (
				E34ACB9720AE6FCB00ED693A /* Base */,
			);
			name = LaunchScreen.storyboard;
			sourceTree = "<group>";
		};
		E34ACB9820AE6FCB00ED693A /* Main.storyboard */ = {
			isa = PBXVariantGroup;
			children = (
				E34ACB9920AE6FCB00ED693A /* Base */,
			);
			name = Main.storyboard;
			sourceTree = "<group>";
		};
/* End PBXVariantGroup section */

/* Begin XCBuildConfiguration section */
		E34ACB8420AE6E7D00ED693A /* Debug */ = {
			isa = XCBuildConfiguration;
			buildSettings = {
				ALWAYS_SEARCH_USER_PATHS = NO;
				CLANG_ANALYZER_NONNULL = YES;
				CLANG_ANALYZER_NUMBER_OBJECT_CONVERSION = YES_AGGRESSIVE;
				CLANG_CXX_LANGUAGE_STANDARD = "gnu++14";
				CLANG_CXX_LIBRARY = "libc++";
				CLANG_ENABLE_MODULES = YES;
				CLANG_ENABLE_OBJC_ARC = YES;
				CLANG_ENABLE_OBJC_WEAK = YES;
				CLANG_WARN_BLOCK_CAPTURE_AUTORELEASING = YES;
				CLANG_WARN_BOOL_CONVERSION = YES;
				CLANG_WARN_COMMA = YES;
				CLANG_WARN_CONSTANT_CONVERSION = YES;
				CLANG_WARN_DEPRECATED_OBJC_IMPLEMENTATIONS = YES;
				CLANG_WARN_DIRECT_OBJC_ISA_USAGE = YES_ERROR;
				CLANG_WARN_DOCUMENTATION_COMMENTS = YES;
				CLANG_WARN_EMPTY_BODY = YES;
				CLANG_WARN_ENUM_CONVERSION = YES;
				CLANG_WARN_INFINITE_RECURSION = YES;
				CLANG_WARN_INT_CONVERSION = YES;
				CLANG_WARN_NON_LITERAL_NULL_CONVERSION = YES;
				CLANG_WARN_OBJC_IMPLICIT_RETAIN_SELF = YES;
				CLANG_WARN_OBJC_LITERAL_CONVERSION = YES;
				CLANG_WARN_OBJC_ROOT_CLASS = YES_ERROR;
				CLANG_WARN_RANGE_LOOP_ANALYSIS = YES;
				CLANG_WARN_STRICT_PROTOTYPES = YES;
				CLANG_WARN_SUSPICIOUS_MOVE = YES;
				CLANG_WARN_UNGUARDED_AVAILABILITY = YES_AGGRESSIVE;
				CLANG_WARN_UNREACHABLE_CODE = YES;
				CLANG_WARN__DUPLICATE_METHOD_MATCH = YES;
				CODE_SIGN_IDENTITY = "iPhone Developer";
				COPY_PHASE_STRIP = NO;
				DEBUG_INFORMATION_FORMAT = dwarf;
				ENABLE_STRICT_OBJC_MSGSEND = YES;
				ENABLE_TESTABILITY = YES;
				GCC_C_LANGUAGE_STANDARD = gnu11;
				GCC_DYNAMIC_NO_PIC = NO;
				GCC_NO_COMMON_BLOCKS = YES;
				GCC_OPTIMIZATION_LEVEL = 0;
				GCC_PREPROCESSOR_DEFINITIONS = (
					"DEBUG=1",
					"$(inherited)",
				);
				GCC_WARN_64_TO_32_BIT_CONVERSION = YES;
				GCC_WARN_ABOUT_RETURN_TYPE = YES_ERROR;
				GCC_WARN_UNDECLARED_SELECTOR = YES;
				GCC_WARN_UNINITIALIZED_AUTOS = YES_AGGRESSIVE;
				GCC_WARN_UNUSED_FUNCTION = YES;
				GCC_WARN_UNUSED_VARIABLE = YES;
				IPHONEOS_DEPLOYMENT_TARGET = 11.3;
				MTL_ENABLE_DEBUG_INFO = YES;
				ONLY_ACTIVE_ARCH = YES;
				SDKROOT = iphoneos;
			};
			name = Debug;
		};
		E34ACB8520AE6E7D00ED693A /* Release */ = {
			isa = XCBuildConfiguration;
			buildSettings = {
				ALWAYS_SEARCH_USER_PATHS = NO;
				CLANG_ANALYZER_NONNULL = YES;
				CLANG_ANALYZER_NUMBER_OBJECT_CONVERSION = YES_AGGRESSIVE;
				CLANG_CXX_LANGUAGE_STANDARD = "gnu++14";
				CLANG_CXX_LIBRARY = "libc++";
				CLANG_ENABLE_MODULES = YES;
				CLANG_ENABLE_OBJC_ARC = YES;
				CLANG_ENABLE_OBJC_WEAK = YES;
				CLANG_WARN_BLOCK_CAPTURE_AUTORELEASING = YES;
				CLANG_WARN_BOOL_CONVERSION = YES;
				CLANG_WARN_COMMA = YES;
				CLANG_WARN_CONSTANT_CONVERSION = YES;
				CLANG_WARN_DEPRECATED_OBJC_IMPLEMENTATIONS = YES;
				CLANG_WARN_DIRECT_OBJC_ISA_USAGE = YES_ERROR;
				CLANG_WARN_DOCUMENTATION_COMMENTS = YES;
				CLANG_WARN_EMPTY_BODY = YES;
				CLANG_WARN_ENUM_CONVERSION = YES;
				CLANG_WARN_INFINITE_RECURSION = YES;
				CLANG_WARN_INT_CONVERSION = YES;
				CLANG_WARN_NON_LITERAL_NULL_CONVERSION = YES;
				CLANG_WARN_OBJC_IMPLICIT_RETAIN_SELF = YES;
				CLANG_WARN_OBJC_LITERAL_CONVERSION = YES;
				CLANG_WARN_OBJC_ROOT_CLASS = YES_ERROR;
				CLANG_WARN_RANGE_LOOP_ANALYSIS = YES;
				CLANG_WARN_STRICT_PROTOTYPES = YES;
				CLANG_WARN_SUSPICIOUS_MOVE = YES;
				CLANG_WARN_UNGUARDED_AVAILABILITY = YES_AGGRESSIVE;
				CLANG_WARN_UNREACHABLE_CODE = YES;
				CLANG_WARN__DUPLICATE_METHOD_MATCH = YES;
				CODE_SIGN_IDENTITY = "iPhone Developer";
				COPY_PHASE_STRIP = NO;
				DEBUG_INFORMATION_FORMAT = "dwarf-with-dsym";
				ENABLE_NS_ASSERTIONS = NO;
				ENABLE_STRICT_OBJC_MSGSEND = YES;
				GCC_C_LANGUAGE_STANDARD = gnu11;
				GCC_NO_COMMON_BLOCKS = YES;
				GCC_WARN_64_TO_32_BIT_CONVERSION = YES;
				GCC_WARN_ABOUT_RETURN_TYPE = YES_ERROR;
				GCC_WARN_UNDECLARED_SELECTOR = YES;
				GCC_WARN_UNINITIALIZED_AUTOS = YES_AGGRESSIVE;
				GCC_WARN_UNUSED_FUNCTION = YES;
				GCC_WARN_UNUSED_VARIABLE = YES;
				IPHONEOS_DEPLOYMENT_TARGET = 11.3;
				MTL_ENABLE_DEBUG_INFO = NO;
				SDKROOT = iphoneos;
				VALIDATE_PRODUCT = YES;
			};
			name = Release;
		};
		E34ACB8720AE6E7D00ED693A /* Debug */ = {
			isa = XCBuildConfiguration;
			baseConfigurationReference = 429EF91DF6D92E1827AF8A15 /* Pods-DDChat.debug.xcconfig */;
			buildSettings = {
				ASSETCATALOG_COMPILER_APPICON_NAME = AppIcon;
				ASSETCATALOG_COMPILER_LAUNCHIMAGE_NAME = LaunchImage;
				CODE_SIGN_STYLE = Automatic;
				DEVELOPMENT_TEAM = 5E3A9G5UU5;
				GCC_PREFIX_HEADER = "DDChat/Support File/DDChat_PrefixHeader.pch";
				INFOPLIST_FILE = "DDChat/Support File/Info.plist";
				LD_RUNPATH_SEARCH_PATHS = (
					"$(inherited)",
					"@executable_path/Frameworks",
				);
				PRODUCT_BUNDLE_IDENTIFIER = com.wuqh.DDChat;
				PRODUCT_NAME = "$(TARGET_NAME)";
				TARGETED_DEVICE_FAMILY = 1;
			};
			name = Debug;
		};
		E34ACB8820AE6E7D00ED693A /* Release */ = {
			isa = XCBuildConfiguration;
			baseConfigurationReference = 59C5C62F2DA623C42FD729B8 /* Pods-DDChat.release.xcconfig */;
			buildSettings = {
				ASSETCATALOG_COMPILER_APPICON_NAME = AppIcon;
				ASSETCATALOG_COMPILER_LAUNCHIMAGE_NAME = LaunchImage;
				CODE_SIGN_STYLE = Automatic;
				DEVELOPMENT_TEAM = 5E3A9G5UU5;
				GCC_PREFIX_HEADER = "DDChat/Support File/DDChat_PrefixHeader.pch";
				INFOPLIST_FILE = "DDChat/Support File/Info.plist";
				LD_RUNPATH_SEARCH_PATHS = (
					"$(inherited)",
					"@executable_path/Frameworks",
				);
				PRODUCT_BUNDLE_IDENTIFIER = com.wuqh.DDChat;
				PRODUCT_NAME = "$(TARGET_NAME)";
				TARGETED_DEVICE_FAMILY = 1;
			};
			name = Release;
		};
		E34ACB8A20AE6E7D00ED693A /* Debug */ = {
			isa = XCBuildConfiguration;
			buildSettings = {
				BUNDLE_LOADER = "$(TEST_HOST)";
				CODE_SIGN_STYLE = Automatic;
				DEVELOPMENT_TEAM = 5E3A9G5UU5;
				INFOPLIST_FILE = DDChatTests/Info.plist;
				LD_RUNPATH_SEARCH_PATHS = (
					"$(inherited)",
					"@executable_path/Frameworks",
					"@loader_path/Frameworks",
				);
				PRODUCT_BUNDLE_IDENTIFIER = com.wuqh.DDChatTests;
				PRODUCT_NAME = "$(TARGET_NAME)";
				TARGETED_DEVICE_FAMILY = "1,2";
				TEST_HOST = "$(BUILT_PRODUCTS_DIR)/DDChat.app/DDChat";
			};
			name = Debug;
		};
		E34ACB8B20AE6E7D00ED693A /* Release */ = {
			isa = XCBuildConfiguration;
			buildSettings = {
				BUNDLE_LOADER = "$(TEST_HOST)";
				CODE_SIGN_STYLE = Automatic;
				DEVELOPMENT_TEAM = 5E3A9G5UU5;
				INFOPLIST_FILE = DDChatTests/Info.plist;
				LD_RUNPATH_SEARCH_PATHS = (
					"$(inherited)",
					"@executable_path/Frameworks",
					"@loader_path/Frameworks",
				);
				PRODUCT_BUNDLE_IDENTIFIER = com.wuqh.DDChatTests;
				PRODUCT_NAME = "$(TARGET_NAME)";
				TARGETED_DEVICE_FAMILY = "1,2";
				TEST_HOST = "$(BUILT_PRODUCTS_DIR)/DDChat.app/DDChat";
			};
			name = Release;
		};
		E34ACB8D20AE6E7D00ED693A /* Debug */ = {
			isa = XCBuildConfiguration;
			buildSettings = {
				CODE_SIGN_STYLE = Automatic;
				DEVELOPMENT_TEAM = 5E3A9G5UU5;
				INFOPLIST_FILE = DDChatUITests/Info.plist;
				LD_RUNPATH_SEARCH_PATHS = (
					"$(inherited)",
					"@executable_path/Frameworks",
					"@loader_path/Frameworks",
				);
				PRODUCT_BUNDLE_IDENTIFIER = com.wuqh.DDChatUITests;
				PRODUCT_NAME = "$(TARGET_NAME)";
				TARGETED_DEVICE_FAMILY = "1,2";
				TEST_TARGET_NAME = DDChat;
			};
			name = Debug;
		};
		E34ACB8E20AE6E7D00ED693A /* Release */ = {
			isa = XCBuildConfiguration;
			buildSettings = {
				CODE_SIGN_STYLE = Automatic;
				DEVELOPMENT_TEAM = 5E3A9G5UU5;
				INFOPLIST_FILE = DDChatUITests/Info.plist;
				LD_RUNPATH_SEARCH_PATHS = (
					"$(inherited)",
					"@executable_path/Frameworks",
					"@loader_path/Frameworks",
				);
				PRODUCT_BUNDLE_IDENTIFIER = com.wuqh.DDChatUITests;
				PRODUCT_NAME = "$(TARGET_NAME)";
				TARGETED_DEVICE_FAMILY = "1,2";
				TEST_TARGET_NAME = DDChat;
			};
			name = Release;
		};
/* End XCBuildConfiguration section */

/* Begin XCConfigurationList section */
		E34ACB5520AE6E7C00ED693A /* Build configuration list for PBXProject "DDChat" */ = {
			isa = XCConfigurationList;
			buildConfigurations = (
				E34ACB8420AE6E7D00ED693A /* Debug */,
				E34ACB8520AE6E7D00ED693A /* Release */,
			);
			defaultConfigurationIsVisible = 0;
			defaultConfigurationName = Release;
		};
		E34ACB8620AE6E7D00ED693A /* Build configuration list for PBXNativeTarget "DDChat" */ = {
			isa = XCConfigurationList;
			buildConfigurations = (
				E34ACB8720AE6E7D00ED693A /* Debug */,
				E34ACB8820AE6E7D00ED693A /* Release */,
			);
			defaultConfigurationIsVisible = 0;
			defaultConfigurationName = Release;
		};
		E34ACB8920AE6E7D00ED693A /* Build configuration list for PBXNativeTarget "DDChatTests" */ = {
			isa = XCConfigurationList;
			buildConfigurations = (
				E34ACB8A20AE6E7D00ED693A /* Debug */,
				E34ACB8B20AE6E7D00ED693A /* Release */,
			);
			defaultConfigurationIsVisible = 0;
			defaultConfigurationName = Release;
		};
		E34ACB8C20AE6E7D00ED693A /* Build configuration list for PBXNativeTarget "DDChatUITests" */ = {
			isa = XCConfigurationList;
			buildConfigurations = (
				E34ACB8D20AE6E7D00ED693A /* Debug */,
				E34ACB8E20AE6E7D00ED693A /* Release */,
			);
			defaultConfigurationIsVisible = 0;
			defaultConfigurationName = Release;
		};
/* End XCConfigurationList section */
	};
	rootObject = E34ACB5220AE6E7C00ED693A /* Project object */;
}
